
Microsoft Visual Studio Solution File, Format Version 12.00
# Visual Studio Version 17
VisualStudioVersion = 17.10.35027.167
MinimumVisualStudioVersion = 10.0.40219.1
Project("{FAE04EC0-301F-11D3-BF4B-00C04F79EFBC}") = "SpendSmart", "SpendSmart\SpendSmart.csproj", "{3EEF1082-E3E3-4DCE-88DA-3DE5D0CCDC17}"
EndProject
Global
	GlobalSection(SolutionConfigurationPlatforms) = preSolution
		Debug|Any CPU = Debug|Any CPU
		Release|Any CPU = Release|Any CPU
	EndGlobalSection
	GlobalSection(ProjectConfigurationPlatforms) = postSolution
		{3EEF1082-E3E3-4DCE-88DA-3DE5D0CCDC17}.Debug|Any CPU.ActiveCfg = Debug|Any CPU
		{3EEF1082-E3E3-4DCE-88DA-3DE5D0CCDC17}.Debug|Any CPU.Build.0 = Debug|Any CPU
		{3EEF1082-E3E3-4DCE-88DA-3DE5D0CCDC17}.Release|Any CPU.ActiveCfg = Release|Any CPU
		{3EEF1082-E3E3-4DCE-88DA-3DE5D0CCDC17}.Release|Any CPU.Build.0 = Release|Any CPU
	EndGlobalSection
	GlobalSection(SolutionProperties) = preSolution
		HideSolutionNode = FALSE
	EndGlobalSection
	GlobalSection(ExtensibilityGlobals) = postSolution
		SolutionGuid = {EBE2C397-5001-417F-A1BC-F5BDD294B9D2}
	EndGlobalSection
EndGlobal
